{
  "name": "midi",
  "version": "1.0.0",
  "lockfileVersion": 1,
  "requires": true,
  "dependencies": {
    "@types/es6-promise": {
      "version": "3.3.0",
      "resolved": "https://registry.npmjs.org/@types/es6-promise/-/es6-promise-3.3.0.tgz",
      "integrity": "sha512-ixCIAEkLUKv9movnHKCzx2rzAJgEnSALDXPrOSSwOjWwXFs0ssSZKan+O2e3FExPPCbX+DfA9NcKsbvLuyUlNA==",
      "dev": true,
      "requires": {
        "es6-promise": "*"
      }
    },
    "@types/node": {
      "version": "10.7.1",
      "resolved": "https://registry.npmjs.org/@types/node/-/node-10.7.1.tgz",
      "integrity": "sha512-EGoI4ylB/lPOaqXqtzAyL8HcgOuCtH2hkEaLmkueOYufsTFWBn4VCvlCDC2HW8Q+9iF+QVC3sxjDKQYjHQeZ9w=="
    },
    "bindings": {
      "version": "1.2.1",
      "resolved": "https://registry.npmjs.org/bindings/-/bindings-1.2.1.tgz",
      "integrity": "sha1-FK1hE4EtLTfXLme0ystLtyZQXxE="
    },
    "es6-promise": {
      "version": "4.2.4",
      "resolved": "https://registry.npmjs.org/es6-promise/-/es6-promise-4.2.4.tgz",
      "integrity": "sha512-/NdNZVJg+uZgtm9eS3O6lrOLYmQag2DjdEXuPaHlZ6RuVqgqaVZfgYCepEIKsLqwdQArOPtC3XzRLqGGfT8KQQ==",
      "dev": true
    },
    "midi": {
      "version": "0.9.5",
      "resolved": "https://registry.npmjs.org/midi/-/midi-0.9.5.tgz",
      "integrity": "sha1-/DI6/z6BsNQJnK7q1TW6Z5xunYg=",
      "requires": {
        "bindings": "~1.2.1",
        "nan": "^2.3.3"
      }
    },
    "nan": {
      "version": "2.10.0",
      "resolved": "https://registry.npmjs.org/nan/-/nan-2.10.0.tgz",
      "integrity": "sha512-bAdJv7fBLhWC+/Bls0Oza+mvTaNQtP+1RyhhhvD95pgUJz6XM5IzgmxOkItJ9tkoCiplvAnXI1tNmmUD/eScyA=="
    },
    "node": {
      "version": "8.4.0",
      "resolved": "https://registry.npmjs.org/node/-/node-8.4.0.tgz",
      "integrity": "sha512-wDiRyn9agHWzEkSUUmWV4EPmPtkCDEx5FMU4BAeY4OCDVYo8RPfIdmhIaQgo1g+w8ydx2PMqIzDPWhh7IzdSng==",
      "requires": {
        "node-bin-setup": "^1.0.0"
      }
    },
    "node-bin-setup": {
      "version": "1.0.6",
      "resolved": "https://registry.npmjs.org/node-bin-setup/-/node-bin-setup-1.0.6.tgz",
      "integrity": "sha512-uPIxXNis1CRbv1DwqAxkgBk5NFV3s7cMN/Gf556jSw6jBvV7ca4F9lRL/8cALcZecRibeqU+5dFYqFFmzv5a0Q=="
    }
  }
}
